
Microsoft Visual Studio Solution File, Format Version 12.00
# Visual Studio Version 17
VisualStudioVersion = 17.7.34018.315
MinimumVisualStudioVersion = 10.0.40219.1
Project("{FAE04EC0-301F-11D3-BF4B-00C04F79EFBC}") = "ResponsiJunproForm", "ResponsiJunproForm.csproj", "{A78EB7C6-3851-462D-941D-ABA025A70E33}"
EndProject
Global
	GlobalSection(SolutionConfigurationPlatforms) = preSolution
		Debug|Any CPU = Debug|Any CPU
		Release|Any CPU = Release|Any CPU
	EndGlobalSection
	GlobalSection(ProjectConfigurationPlatforms) = postSolution
		{A78EB7C6-3851-462D-941D-ABA025A70E33}.Debug|Any CPU.ActiveCfg = Debug|Any CPU
		{A78EB7C6-3851-462D-941D-ABA025A70E33}.Debug|Any CPU.Build.0 = Debug|Any CPU
		{A78EB7C6-3851-462D-941D-ABA025A70E33}.Release|Any CPU.ActiveCfg = Release|Any CPU
		{A78EB7C6-3851-462D-941D-ABA025A70E33}.Release|Any CPU.Build.0 = Release|Any CPU
	EndGlobalSection
	GlobalSection(SolutionProperties) = preSolution
		HideSolutionNode = FALSE
	EndGlobalSection
	GlobalSection(ExtensibilityGlobals) = postSolution
		SolutionGuid = {B2A88226-41A2-44FC-9308-9185FB9FA53D}
	EndGlobalSection
EndGlobal
